
Microsoft Visual Studio Solution File, Format Version 12.00
# Visual Studio Version 17
VisualStudioVersion = 17.13.35828.75 d17.13
MinimumVisualStudioVersion = 10.0.40219.1
Project("{FAE04EC0-301F-11D3-BF4B-00C04F79EFBC}") = "Pdf Assyncollab", "Pdf Assyncollab\Pdf Assyncollab.csproj", "{8F297BAA-C21F-4177-9CE7-8F9E204E73F5}"
EndProject
Global
	GlobalSection(SolutionConfigurationPlatforms) = preSolution
		Debug|Any CPU = Debug|Any CPU
		Release|Any CPU = Release|Any CPU
	EndGlobalSection
	GlobalSection(ProjectConfigurationPlatforms) = postSolution
		{8F297BAA-C21F-4177-9CE7-8F9E204E73F5}.Debug|Any CPU.ActiveCfg = Debug|Any CPU
		{8F297BAA-C21F-4177-9CE7-8F9E204E73F5}.Debug|Any CPU.Build.0 = Debug|Any CPU
		{8F297BAA-C21F-4177-9CE7-8F9E204E73F5}.Release|Any CPU.ActiveCfg = Release|Any CPU
		{8F297BAA-C21F-4177-9CE7-8F9E204E73F5}.Release|Any CPU.Build.0 = Release|Any CPU
	EndGlobalSection
	GlobalSection(SolutionProperties) = preSolution
		HideSolutionNode = FALSE
	EndGlobalSection
	GlobalSection(ExtensibilityGlobals) = postSolution
		SolutionGuid = {46946196-A2E7-47EB-B830-B287C436BF12}
	EndGlobalSection
EndGlobal
